
Microsoft Visual Studio Solution File, Format Version 12.00
# Visual Studio Version 17
VisualStudioVersion = 17.7.34221.43
MinimumVisualStudioVersion = 10.0.40219.1
Project("{FAE04EC0-301F-11D3-BF4B-00C04F79EFBC}") = "atividade02", "atividade02\atividade02.csproj", "{21703C57-35B9-4AC7-AA17-F38185BFE3EB}"
EndProject
Global
	GlobalSection(SolutionConfigurationPlatforms) = preSolution
		Debug|Any CPU = Debug|Any CPU
		Release|Any CPU = Release|Any CPU
	EndGlobalSection
	GlobalSection(ProjectConfigurationPlatforms) = postSolution
		{21703C57-35B9-4AC7-AA17-F38185BFE3EB}.Debug|Any CPU.ActiveCfg = Debug|Any CPU
		{21703C57-35B9-4AC7-AA17-F38185BFE3EB}.Debug|Any CPU.Build.0 = Debug|Any CPU
		{21703C57-35B9-4AC7-AA17-F38185BFE3EB}.Release|Any CPU.ActiveCfg = Release|Any CPU
		{21703C57-35B9-4AC7-AA17-F38185BFE3EB}.Release|Any CPU.Build.0 = Release|Any CPU
	EndGlobalSection
	GlobalSection(SolutionProperties) = preSolution
		HideSolutionNode = FALSE
	EndGlobalSection
	GlobalSection(ExtensibilityGlobals) = postSolution
		SolutionGuid = {A588DE74-68B9-412F-BC1B-8285E936E6DD}
	EndGlobalSection
EndGlobal
